{
    "_readme": [
        "This file locks the dependencies of your project to a known state",
        "Read more about it at https://getcomposer.org/doc/01-basic-usage.md#installing-dependencies",
        "This file is @generated automatically"
    ],
    "content-hash": "7f2d2c0c8b705a26c833abd7543614ad",
    "packages": [],
    "packages-dev": [],
    "aliases": [],
    "minimum-stability": "stable",
    "stability-flags": [],
    "prefer-stable": true,
    "prefer-lowest": false,
    "platform": {
        "php": "^7.4.2 || ~8.0 || ~8.1"
    },
    "platform-dev": {
        "ext-bcmath": "*"
    },
    "plugin-api-version": "2.3.0"
}
